// !$*UTF8*$!
{
	archiveVersion = 1;
	classes = {
	};
	objectVersion = 46;
	objects = {

/* Begin PBXBuildFile section */
		162B7201F5CF8A181BB86AE7 /* Pods_TwilioAlamofireSMS.framework in Frameworks */ = {isa = PBXBuildFile; fileRef = 09F5B3AF07E32783860CA674 /* Pods_TwilioAlamofireSMS.framework */; };
		FA065A3E1C217FC800C76206 /* AppDelegate.swift in Sources */ = {isa = PBXBuildFile; fileRef = FA065A3D1C217FC800C76206 /* AppDelegate.swift */; };
		FA065A401C217FC800C76206 /* ViewController.swift in Sources */ = {isa = PBXBuildFile; fileRef = FA065A3F1C217FC800C76206 /* ViewController.swift */; };
		FA065A431C217FC800C76206 /* Main.storyboard in Resources */ = {isa = PBXBuildFile; fileRef = FA065A411C217FC800C76206 /* Main.storyboard */; };
		FA065A451C217FC800C76206 /* Assets.xcassets in Resources */ = {isa = PBXBuildFile; fileRef = FA065A441C217FC800C76206 /* Assets.xcassets */; };
		FA065A481C217FC800C76206 /* LaunchScreen.storyboard in Resources */ = {isa = PBXBuildFile; fileRef = FA065A461C217FC800C76206 /* LaunchScreen.storyboard */; };
/* End PBXBuildFile section */

/* Begin PBXFileReference section */
		09F5B3AF07E32783860CA674 /* Pods_TwilioAlamofireSMS.framework */ = {isa = PBXFileReference; explicitFileType = wrapper.framework; includeInIndex = 0; path = Pods_TwilioAlamofireSMS.framework; sourceTree = BUILT_PRODUCTS_DIR; };
		4FCCF86DA3D3FF333B99413C /* Pods-TwilioAlamofireSMS.release.xcconfig */ = {isa = PBXFileReference; includeInIndex = 1; lastKnownFileType = text.xcconfig; name = "Pods-TwilioAlamofireSMS.release.xcconfig"; path = "Pods/Target Support Files/Pods-TwilioAlamofireSMS/Pods-TwilioAlamofireSMS.release.xcconfig"; sourceTree = "<group>"; };
		9B30624D8B4E85C0EB9DC3A4 /* Pods-TwilioAlamofireSMS.debug.xcconfig */ = {isa = PBXFileReference; includeInIndex = 1; lastKnownFileType = text.xcconfig; name = "Pods-TwilioAlamofireSMS.debug.xcconfig"; path = "Pods/Target Support Files/Pods-TwilioAlamofireSMS/Pods-TwilioAlamofireSMS.debug.xcconfig"; sourceTree = "<group>"; };
		FA065A3A1C217FC800C76206 /* TwilioAlamofireSMS.app */ = {isa = PBXFileReference; explicitFileType = wrapper.application; includeInIndex = 0; path = TwilioAlamofireSMS.app; sourceTree = BUILT_PRODUCTS_DIR; };
		FA065A3D1C217FC800C76206 /* AppDelegate.swift */ = {isa = PBXFileReference; lastKnownFileType = sourcecode.swift; path = AppDelegate.swift; sourceTree = "<group>"; };
		FA065A3F1C217FC800C76206 /* ViewController.swift */ = {isa = PBXFileReference; lastKnownFileType = sourcecode.swift; path = ViewController.swift; sourceTree = "<group>"; };
		FA065A421C217FC800C76206 /* Base */ = {isa = PBXFileReference; lastKnownFileType = file.storyboard; name = Base; path = Base.lproj/Main.storyboard; sourceTree = "<group>"; };
		FA065A441C217FC800C76206 /* Assets.xcassets */ = {isa = PBXFileReference; lastKnownFileType = folder.assetcatalog; path = Assets.xcassets; sourceTree = "<group>"; };
		FA065A471C217FC800C76206 /* Base */ = {isa = PBXFileReference; lastKnownFileType = file.storyboard; name = Base; path = Base.lproj/LaunchScreen.storyboard; sourceTree = "<group>"; };
		FA065A491C217FC800C76206 /* Info.plist */ = {isa = PBXFileReference; lastKnownFileType = text.plist.xml; path = Info.plist; sourceTree = "<group>"; };
/* End PBXFileReference section */

/* Begin PBXFrameworksBuildPhase section */
		FA065A371C217FC800C76206 /* Frameworks */ = {
			isa = PBXFrameworksBuildPhase;
			buildActionMask = 2147483647;
			files = (
				162B7201F5CF8A181BB86AE7 /* Pods_TwilioAlamofireSMS.framework in Frameworks */,
			);
			runOnlyForDeploymentPostprocessing = 0;
		};
/* End PBXFrameworksBuildPhase section */

/* Begin PBXGroup section */
		066E43C48AA83EBC1729E3EE /* Pods */ = {
			isa = PBXGroup;
			children = (
				9B30624D8B4E85C0EB9DC3A4 /* Pods-TwilioAlamofireSMS.debug.xcconfig */,
				4FCCF86DA3D3FF333B99413C /* Pods-TwilioAlamofireSMS.release.xcconfig */,
			);
			name = Pods;
			sourceTree = "<group>";
		};
		B92105EDC5684F2C9028A9B7 /* Frameworks */ = {
			isa = PBXGroup;
			children = (
				09F5B3AF07E32783860CA674 /* Pods_TwilioAlamofireSMS.framework */,
			);
			name = Frameworks;
			sourceTree = "<group>";
		};
		FA065A311C217FC800C76206 = {
			isa = PBXGroup;
			children = (
				FA065A3C1C217FC800C76206 /* TwilioAlamofireSMS */,
				FA065A3B1C217FC800C76206 /* Products */,
				066E43C48AA83EBC1729E3EE /* Pods */,
				B92105EDC5684F2C9028A9B7 /* Frameworks */,
			);
			sourceTree = "<group>";
		};
		FA065A3B1C217FC800C76206 /* Products */ = {
			isa = PBXGroup;
			children = (
				FA065A3A1C217FC800C76206 /* TwilioAlamofireSMS.app */,
			);
			name = Products;
			sourceTree = "<group>";
		};
		FA065A3C1C217FC800C76206 /* TwilioAlamofireSMS */ = {
			isa = PBXGroup;
			children = (
				FA065A3D1C217FC800C76206 /* AppDelegate.swift */,
				FA065A3F1C217FC800C76206 /* ViewController.swift */,
				FA065A411C217FC800C76206 /* Main.storyboard */,
				FA065A441C217FC800C76206 /* Assets.xcassets */,
				FA065A461C217FC800C76206 /* LaunchScreen.storyboard */,
				FA065A491C217FC800C76206 /* Info.plist */,
			);
			path = TwilioAlamofireSMS;
			sourceTree = "<group>";
		};
/* End PBXGroup section */

/* Begin PBXNativeTarget section */
		FA065A391C217FC800C76206 /* TwilioAlamofireSMS */ = {
			isa = PBXNativeTarget;
			buildConfigurationList = FA065A4C1C217FC800C76206 /* Build configuration list for PBXNativeTarget "TwilioAlamofireSMS" */;
			buildPhases = (
				837197CFF30FB42622A9101E /* Check Pods Manifest.lock */,
				FA065A361C217FC800C76206 /* Sources */,
				FA065A371C217FC800C76206 /* Frameworks */,
				FA065A381C217FC800C76206 /* Resources */,
				6CE65220481FE60F56E0BFC7 /* Embed Pods Frameworks */,
				46D15A34B4D125B9FB42CFA7 /* Copy Pods Resources */,
			);
			buildRules = (
			);
			dependencies = (
			);
			name = TwilioAlamofireSMS;
			productName = TwilioAlamofireSMS;
			productReference = FA065A3A1C217FC800C76206 /* TwilioAlamofireSMS.app */;
			productType = "com.apple.product-type.application";
		};
/* End PBXNativeTarget section */

/* Begin PBXProject section */
		FA065A321C217FC800C76206 /* Project object */ = {
			isa = PBXProject;
			attributes = {
				LastSwiftUpdateCheck = 0720;
				LastUpgradeCheck = 0720;
				ORGANIZATIONNAME = devxhkl;
				TargetAttributes = {
					FA065A391C217FC800C76206 = {
						CreatedOnToolsVersion = 7.2;
					};
				};
			};
			buildConfigurationList = FA065A351C217FC800C76206 /* Build configuration list for PBXProject "TwilioAlamofireSMS" */;
			compatibilityVersion = "Xcode 3.2";
			developmentRegion = English;
			hasScannedForEncodings = 0;
			knownRegions = (
				en,
				Base,
			);
			mainGroup = FA065A311C217FC800C76206;
			productRefGroup = FA065A3B1C217FC800C76206 /* Products */;
			projectDirPath = "";
			projectRoot = "";
			targets = (
				FA065A391C217FC800C76206 /* TwilioAlamofireSMS */,
			);
		};
/* End PBXProject section */

/* Begin PBXResourcesBuildPhase section */
		FA065A381C217FC800C76206 /* Resources */ = {
			isa = PBXResourcesBuildPhase;
			buildActionMask = 2147483647;
			files = (
				FA065A481C217FC800C76206 /* LaunchScreen.storyboard in Resources */,
				FA065A451C217FC800C76206 /* Assets.xcassets in Resources */,
				FA065A431C217FC800C76206 /* Main.storyboard in Resources */,
			);
			runOnlyForDeploymentPostprocessing = 0;
		};
/* End PBXResourcesBuildPhase section */

/* Begin PBXShellScriptBuildPhase section */
		46D15A34B4D125B9FB42CFA7 /* Copy Pods Resources */ = {
			isa = PBXShellScriptBuildPhase;
			buildActionMask = 2147483647;
			files = (
			);
			inputPaths = (
			);
			name = "Copy Pods Resources";
			outputPaths = (
			);
			runOnlyForDeploymentPostprocessing = 0;
			shellPath = /bin/sh;
			shellScript = "\"${SRCROOT}/Pods/Target Support Files/Pods-TwilioAlamofireSMS/Pods-TwilioAlamofireSMS-resources.sh\"\n";
			showEnvVarsInLog = 0;
		};
		6CE65220481FE60F56E0BFC7 /* Embed Pods Frameworks */ = {
			isa = PBXShellScriptBuildPhase;
			buildActionMask = 2147483647;
			files = (
			);
			inputPaths = (
			);
			name = "Embed Pods Frameworks";
			outputPaths = (
			);
			runOnlyForDeploymentPostprocessing = 0;
			shellPath = /bin/sh;
			shellScript = "\"${SRCROOT}/Pods/Target Support Files/Pods-TwilioAlamofireSMS/Pods-TwilioAlamofireSMS-frameworks.sh\"\n";
			showEnvVarsInLog = 0;
		};
		837197CFF30FB42622A9101E /* Check Pods Manifest.lock */ = {
			isa = PBXShellScriptBuildPhase;
			buildActionMask = 2147483647;
			files = (
			);
			inputPaths = (
			);
			name = "Check Pods Manifest.lock";
			outputPaths = (
			);
			runOnlyForDeploymentPostprocessing = 0;
			shellPath = /bin/sh;
			shellScript = "diff \"${PODS_ROOT}/../Podfile.lock\" \"${PODS_ROOT}/Manifest.lock\" > /dev/null\nif [[ $? != 0 ]] ; then\n    cat << EOM\nerror: The sandbox is not in sync with the Podfile.lock. Run 'pod install' or update your CocoaPods installation.\nEOM\n    exit 1\nfi\n";
			showEnvVarsInLog = 0;
		};
/* End PBXShellScriptBuildPhase section */

/* Begin PBXSourcesBuildPhase section */
		FA065A361C217FC800C76206 /* Sources */ = {
			isa = PBXSourcesBuildPhase;
			buildActionMask = 2147483647;
			files = (
				FA065A401C217FC800C76206 /* ViewController.swift in Sources */,
				FA065A3E1C217FC800C76206 /* AppDelegate.swift in Sources */,
			);
			runOnlyForDeploymentPostprocessing = 0;
		};
/* End PBXSourcesBuildPhase section */

/* Begin PBXVariantGroup section */
		FA065A411C217FC800C76206 /* Main.storyboard */ = {
			isa = PBXVariantGroup;
			children = (
				FA065A421C217FC800C76206 /* Base */,
			);
			name = Main.storyboard;
			sourceTree = "<group>";
		};
		FA065A461C217FC800C76206 /* LaunchScreen.storyboard */ = {
			isa = PBXVariantGroup;
			children = (
				FA065A471C217FC800C76206 /* Base */,
			);
			name = LaunchScreen.storyboard;
			sourceTree = "<group>";
		};
/* End PBXVariantGroup section */

/* Begin XCBuildConfiguration section */
		FA065A4A1C217FC800C76206 /* Debug */ = {
			isa = XCBuildConfiguration;
			buildSettings = {
				ALWAYS_SEARCH_USER_PATHS = NO;
				CLANG_CXX_LANGUAGE_STANDARD = "gnu++0x";
				CLANG_CXX_LIBRARY = "libc++";
				CLANG_ENABLE_MODULES = YES;
				CLANG_ENABLE_OBJC_ARC = YES;
				CLANG_WARN_BOOL_CONVERSION = YES;
				CLANG_WARN_CONSTANT_CONVERSION = YES;
				CLANG_WARN_DIRECT_OBJC_ISA_USAGE = YES_ERROR;
				CLANG_WARN_EMPTY_BODY = YES;
				CLANG_WARN_ENUM_CONVERSION = YES;
				CLANG_WARN_INT_CONVERSION = YES;
				CLANG_WARN_OBJC_ROOT_CLASS = YES_ERROR;
				CLANG_WARN_UNREACHABLE_CODE = YES;
				CLANG_WARN__DUPLICATE_METHOD_MATCH = YES;
				"CODE_SIGN_IDENTITY[sdk=iphoneos*]" = "iPhone Developer";
				COPY_PHASE_STRIP = NO;
				DEBUG_INFORMATION_FORMAT = dwarf;
				ENABLE_STRICT_OBJC_MSGSEND = YES;
				ENABLE_TESTABILITY = YES;
				GCC_C_LANGUAGE_STANDARD = gnu99;
				GCC_DYNAMIC_NO_PIC = NO;
				GCC_NO_COMMON_BLOCKS = YES;
				GCC_OPTIMIZATION_LEVEL = 0;
				GCC_PREPROCESSOR_DEFINITIONS = (
					"DEBUG=1",
					"$(inherited)",
				);
				GCC_WARN_64_TO_32_BIT_CONVERSION = YES;
				GCC_WARN_ABOUT_RETURN_TYPE = YES_ERROR;
				GCC_WARN_UNDECLARED_SELECTOR = YES;
				GCC_WARN_UNINITIALIZED_AUTOS = YES_AGGRESSIVE;
				GCC_WARN_UNUSED_FUNCTION = YES;
				GCC_WARN_UNUSED_VARIABLE = YES;
				IPHONEOS_DEPLOYMENT_TARGET = 9.2;
				MTL_ENABLE_DEBUG_INFO = YES;
				ONLY_ACTIVE_ARCH = YES;
				SDKROOT = iphoneos;
				SWIFT_OPTIMIZATION_LEVEL = "-Onone";
			};
			name = Debug;
		};
		FA065A4B1C217FC800C76206 /* Release */ = {
			isa = XCBuildConfiguration;
			buildSettings = {
				ALWAYS_SEARCH_USER_PATHS = NO;
				CLANG_CXX_LANGUAGE_STANDARD = "gnu++0x";
				CLANG_CXX_LIBRARY = "libc++";
				CLANG_ENABLE_MODULES = YES;
				CLANG_ENABLE_OBJC_ARC = YES;
				CLANG_WARN_BOOL_CONVERSION = YES;
				CLANG_WARN_CONSTANT_CONVERSION = YES;
				CLANG_WARN_DIRECT_OBJC_ISA_USAGE = YES_ERROR;
				CLANG_WARN_EMPTY_BODY = YES;
				CLANG_WARN_ENUM_CONVERSION = YES;
				CLANG_WARN_INT_CONVERSION = YES;
				CLANG_WARN_OBJC_ROOT_CLASS = YES_ERROR;
				CLANG_WARN_UNREACHABLE_CODE = YES;
				CLANG_WARN__DUPLICATE_METHOD_MATCH = YES;
				"CODE_SIGN_IDENTITY[sdk=iphoneos*]" = "iPhone Developer";
				COPY_PHASE_STRIP = NO;
				DEBUG_INFORMATION_FORMAT = "dwarf-with-dsym";
				ENABLE_NS_ASSERTIONS = NO;
				ENABLE_STRICT_OBJC_MSGSEND = YES;
				GCC_C_LANGUAGE_STANDARD = gnu99;
				GCC_NO_COMMON_BLOCKS = YES;
				GCC_WARN_64_TO_32_BIT_CONVERSION = YES;
				GCC_WARN_ABOUT_RETURN_TYPE = YES_ERROR;
				GCC_WARN_UNDECLARED_SELECTOR = YES;
				GCC_WARN_UNINITIALIZED_AUTOS = YES_AGGRESSIVE;
				GCC_WARN_UNUSED_FUNCTION = YES;
				GCC_WARN_UNUSED_VARIABLE = YES;
				IPHONEOS_DEPLOYMENT_TARGET = 9.2;
				MTL_ENABLE_DEBUG_INFO = NO;
				SDKROOT = iphoneos;
				VALIDATE_PRODUCT = YES;
			};
			name = Release;
		};
		FA065A4D1C217FC800C76206 /* Debug */ = {
			isa = XCBuildConfiguration;
			baseConfigurationReference = 9B30624D8B4E85C0EB9DC3A4 /* Pods-TwilioAlamofireSMS.debug.xcconfig */;
			buildSettings = {
				ASSETCATALOG_COMPILER_APPICON_NAME = AppIcon;
				INFOPLIST_FILE = TwilioAlamofireSMS/Info.plist;
				LD_RUNPATH_SEARCH_PATHS = "$(inherited) @executable_path/Frameworks";
				PRODUCT_BUNDLE_IDENTIFIER = com.devxhkl.TwilioAlamofireSMS;
				PRODUCT_NAME = "$(TARGET_NAME)";
			};
			name = Debug;
		};
		FA065A4E1C217FC800C76206 /* Release */ = {
			isa = XCBuildConfiguration;
			baseConfigurationReference = 4FCCF86DA3D3FF333B99413C /* Pods-TwilioAlamofireSMS.release.xcconfig */;
			buildSettings = {
				ASSETCATALOG_COMPILER_APPICON_NAME = AppIcon;
				INFOPLIST_FILE = TwilioAlamofireSMS/Info.plist;
				LD_RUNPATH_SEARCH_PATHS = "$(inherited) @executable_path/Frameworks";
				PRODUCT_BUNDLE_IDENTIFIER = com.devxhkl.TwilioAlamofireSMS;
				PRODUCT_NAME = "$(TARGET_NAME)";
			};
			name = Release;
		};
/* End XCBuildConfiguration section */

/* Begin XCConfigurationList section */
		FA065A351C217FC800C76206 /* Build configuration list for PBXProject "TwilioAlamofireSMS" */ = {
			isa = XCConfigurationList;
			buildConfigurations = (
				FA065A4A1C217FC800C76206 /* Debug */,
				FA065A4B1C217FC800C76206 /* Release */,
			);
			defaultConfigurationIsVisible = 0;
			defaultConfigurationName = Release;
		};
		FA065A4C1C217FC800C76206 /* Build configuration list for PBXNativeTarget "TwilioAlamofireSMS" */ = {
			isa = XCConfigurationList;
			buildConfigurations = (
				FA065A4D1C217FC800C76206 /* Debug */,
				FA065A4E1C217FC800C76206 /* Release */,
			);
			defaultConfigurationIsVisible = 0;
			defaultConfigurationName = Release;
		};
/* End XCConfigurationList section */
	};
	rootObject = FA065A321C217FC800C76206 /* Project object */;
}
